
Microsoft Visual Studio Solution File, Format Version 12.00
# Visual Studio Version 16
VisualStudioVersion = 16.0.31424.327
MinimumVisualStudioVersion = 10.0.40219.1
Project("{FAE04EC0-301F-11D3-BF4B-00C04F79EFBC}") = "HelloWorld", "HelloWorld\HelloWorld.csproj", "{97CE4CC3-9B7C-4BC6-999C-D63C089F8064}"
EndProject
Project("{FAE04EC0-301F-11D3-BF4B-00C04F79EFBC}") = "Variables_DataTypes", "Variables_DataTypes\Variables_DataTypes.csproj", "{F65EA4B1-FAE4-4E96-B64C-864F8F88544B}"
EndProject
Project("{FAE04EC0-301F-11D3-BF4B-00C04F79EFBC}") = "StringMethods", "StringMethods\StringMethods.csproj", "{B98603E8-215D-4F5E-AB1C-D35397FE9775}"
EndProject
Project("{FAE04EC0-301F-11D3-BF4B-00C04F79EFBC}") = "Numbers", "Numbers\Numbers.csproj", "{0881FC51-20B9-432B-ABAE-2CF32A4A61EB}"
EndProject
Project("{FAE04EC0-301F-11D3-BF4B-00C04F79EFBC}") = "GettingUserInput", "GettingUserInput\GettingUserInput.csproj", "{57507623-BE3F-47C8-A6B2-A394A5BAD2A5}"
EndProject
Project("{FAE04EC0-301F-11D3-BF4B-00C04F79EFBC}") = "Conversion", "Conversion\Conversion.csproj", "{AEE4402E-E922-490B-A9F6-1FB8BBDDAED8}"
EndProject
Global
	GlobalSection(SolutionConfigurationPlatforms) = preSolution
		Debug|Any CPU = Debug|Any CPU
		Release|Any CPU = Release|Any CPU
	EndGlobalSection
	GlobalSection(ProjectConfigurationPlatforms) = postSolution
		{97CE4CC3-9B7C-4BC6-999C-D63C089F8064}.Debug|Any CPU.ActiveCfg = Debug|Any CPU
		{97CE4CC3-9B7C-4BC6-999C-D63C089F8064}.Debug|Any CPU.Build.0 = Debug|Any CPU
		{97CE4CC3-9B7C-4BC6-999C-D63C089F8064}.Release|Any CPU.ActiveCfg = Release|Any CPU
		{97CE4CC3-9B7C-4BC6-999C-D63C089F8064}.Release|Any CPU.Build.0 = Release|Any CPU
		{F65EA4B1-FAE4-4E96-B64C-864F8F88544B}.Debug|Any CPU.ActiveCfg = Debug|Any CPU
		{F65EA4B1-FAE4-4E96-B64C-864F8F88544B}.Debug|Any CPU.Build.0 = Debug|Any CPU
		{F65EA4B1-FAE4-4E96-B64C-864F8F88544B}.Release|Any CPU.ActiveCfg = Release|Any CPU
		{F65EA4B1-FAE4-4E96-B64C-864F8F88544B}.Release|Any CPU.Build.0 = Release|Any CPU
		{B98603E8-215D-4F5E-AB1C-D35397FE9775}.Debug|Any CPU.ActiveCfg = Debug|Any CPU
		{B98603E8-215D-4F5E-AB1C-D35397FE9775}.Debug|Any CPU.Build.0 = Debug|Any CPU
		{B98603E8-215D-4F5E-AB1C-D35397FE9775}.Release|Any CPU.ActiveCfg = Release|Any CPU
		{B98603E8-215D-4F5E-AB1C-D35397FE9775}.Release|Any CPU.Build.0 = Release|Any CPU
		{0881FC51-20B9-432B-ABAE-2CF32A4A61EB}.Debug|Any CPU.ActiveCfg = Debug|Any CPU
		{0881FC51-20B9-432B-ABAE-2CF32A4A61EB}.Debug|Any CPU.Build.0 = Debug|Any CPU
		{0881FC51-20B9-432B-ABAE-2CF32A4A61EB}.Release|Any CPU.ActiveCfg = Release|Any CPU
		{0881FC51-20B9-432B-ABAE-2CF32A4A61EB}.Release|Any CPU.Build.0 = Release|Any CPU
		{57507623-BE3F-47C8-A6B2-A394A5BAD2A5}.Debug|Any CPU.ActiveCfg = Debug|Any CPU
		{57507623-BE3F-47C8-A6B2-A394A5BAD2A5}.Debug|Any CPU.Build.0 = Debug|Any CPU
		{57507623-BE3F-47C8-A6B2-A394A5BAD2A5}.Release|Any CPU.ActiveCfg = Release|Any CPU
		{57507623-BE3F-47C8-A6B2-A394A5BAD2A5}.Release|Any CPU.Build.0 = Release|Any CPU
		{AEE4402E-E922-490B-A9F6-1FB8BBDDAED8}.Debug|Any CPU.ActiveCfg = Debug|Any CPU
		{AEE4402E-E922-490B-A9F6-1FB8BBDDAED8}.Debug|Any CPU.Build.0 = Debug|Any CPU
		{AEE4402E-E922-490B-A9F6-1FB8BBDDAED8}.Release|Any CPU.ActiveCfg = Release|Any CPU
		{AEE4402E-E922-490B-A9F6-1FB8BBDDAED8}.Release|Any CPU.Build.0 = Release|Any CPU
	EndGlobalSection
	GlobalSection(SolutionProperties) = preSolution
		HideSolutionNode = FALSE
	EndGlobalSection
	GlobalSection(ExtensibilityGlobals) = postSolution
		SolutionGuid = {9EBCA90E-4004-45BF-82FA-77B2A1F079AD}
	EndGlobalSection
EndGlobal
